# This file is automatically @generated by Cargo.
# It is not intended for manual editing.
[[package]]
name = "anyhow"
version = "1.0.19"
source = "registry+https://github.com/rust-lang/crates.io-index"

[[package]]
name = "index_key"
version = "0.2.1"
dependencies = [
 "anyhow 1.0.19 (registry+https://github.com/rust-lang/crates.io-index)",
]

[metadata]
"checksum anyhow 1.0.19 (registry+https://github.com/rust-lang/crates.io-index)" = "57114fc2a6cc374bce195d3482057c846e706d252ff3604363449695684d7a0d"
